<Solution>

  <Folder Name="/Common/">
    <File Path="Directory.Build.props" />
    <File Path="Directory.Build.targets" />
    <File Path="Directory.Packages.props" />    
    <File Path="README.md" />
  </Folder>
  <Project Path="AuthUsersService.API/AuthUsersService.API.csproj" Id="179f2737-408c-42fb-8768-5e41bc3fab6e" />
  <Project Path="AuthUsersService.Application/AuthUsersService.Application.csproj" Id="08cad8d4-e49d-4b84-9513-5b0f9924d40e" />
  <Project Path="AuthUsersService.Domain/AuthUsersService.Domain.csproj" Id="385b9995-f57d-49ca-aa9d-4a85e7eb42b8" />
  <Project Path="AuthUsersService.Infrastructure/AuthUsersService.Infrastructure.csproj" Id="bfa578ad-be85-4ed2-b4c5-a066e4cb187d" /> 
</Solution>
